
Microsoft Visual Studio Solution File, Format Version 12.00
# Visual Studio Version 16
VisualStudioVersion = 16.0.29102.190
MinimumVisualStudioVersion = 10.0.40219.1
Project("{FAE04EC0-301F-11D3-BF4B-00C04F79EFBC}") = "RazorPagesMovie", "RazorPagesMovie.csproj", "{6ECD0997-9995-4EB3-BE71-9E2FAA7D2F51}"
EndProject
Global
	GlobalSection(SolutionConfigurationPlatforms) = preSolution
		Debug|Any CPU = Debug|Any CPU
		Release|Any CPU = Release|Any CPU
	EndGlobalSection
	GlobalSection(ProjectConfigurationPlatforms) = postSolution
		{6ECD0997-9995-4EB3-BE71-9E2FAA7D2F51}.Debug|Any CPU.ActiveCfg = Debug|Any CPU
		{6ECD0997-9995-4EB3-BE71-9E2FAA7D2F51}.Debug|Any CPU.Build.0 = Debug|Any CPU
		{6ECD0997-9995-4EB3-BE71-9E2FAA7D2F51}.Release|Any CPU.ActiveCfg = Release|Any CPU
		{6ECD0997-9995-4EB3-BE71-9E2FAA7D2F51}.Release|Any CPU.Build.0 = Release|Any CPU
	EndGlobalSection
	GlobalSection(SolutionProperties) = preSolution
		HideSolutionNode = FALSE
	EndGlobalSection
	GlobalSection(ExtensibilityGlobals) = postSolution
		SolutionGuid = {E3D28986-B574-4470-A592-091287FF032D}
	EndGlobalSection
EndGlobal
